
Microsoft Visual Studio Solution File, Format Version 12.00
# Visual Studio Version 17
VisualStudioVersion = 17.5.33530.505
MinimumVisualStudioVersion = 10.0.40219.1
Project("{9A19103F-16F7-4668-BE54-9A1E7A4F7556}") = "CatalogueApp.ConsoleUi", "CatalogueApp\CatalogueApp.ConsoleUi.csproj", "{29FB2933-2A21-4FB4-991E-C6336EB94589}"
EndProject
Project("{2150E333-8FDC-42A3-9474-1A3956D46DE8}") = "Presentations", "Presentations", "{6FDDECC4-A401-4AD2-9539-F5BB6384444D}"
EndProject
Project("{2150E333-8FDC-42A3-9474-1A3956D46DE8}") = "DataAccess", "DataAccess", "{59C73967-3F84-4036-BD1F-E6FED7020DB7}"
EndProject
Project("{2150E333-8FDC-42A3-9474-1A3956D46DE8}") = "BusinessLogic", "BusinessLogic", "{93F5F542-FD0E-4EB6-9322-9D515565DB1D}"
EndProject
Project("{9A19103F-16F7-4668-BE54-9A1E7A4F7556}") = "WebCatalogue", "WebCatalogue\WebCatalogue.csproj", "{F85F0447-7C46-45D7-89DE-9AFE159E8D5F}"
EndProject
Project("{2150E333-8FDC-42A3-9474-1A3956D46DE8}") = "CatalogueTests", "CatalogueTests", "{F7450DAC-4AD4-4803-AEFF-BF6552037261}"
EndProject
Project("{9A19103F-16F7-4668-BE54-9A1E7A4F7556}") = "Catalogue.BusinessLogic.Tests", "Catalogue.BusinessLogic.Tests\Catalogue.BusinessLogic.Tests.csproj", "{CBA7A25E-9B80-4F73-83E9-00381A35DEA0}"
EndProject
Project("{9A19103F-16F7-4668-BE54-9A1E7A4F7556}") = "BusinessLogic", "CatalogueApp.BusinessLogic\BusinessLogic.csproj", "{C7480162-061B-4905-A752-3AC26B69B284}"
EndProject
Project("{9A19103F-16F7-4668-BE54-9A1E7A4F7556}") = "CatalogueApp.Data", "CatalogueApp.Data\CatalogueApp.Data.csproj", "{70FA8B57-DA38-4953-865A-6215E72A842F}"
EndProject
Global
	GlobalSection(SolutionConfigurationPlatforms) = preSolution
		Debug|Any CPU = Debug|Any CPU
		Release|Any CPU = Release|Any CPU
	EndGlobalSection
	GlobalSection(ProjectConfigurationPlatforms) = postSolution
		{29FB2933-2A21-4FB4-991E-C6336EB94589}.Debug|Any CPU.ActiveCfg = Debug|Any CPU
		{29FB2933-2A21-4FB4-991E-C6336EB94589}.Debug|Any CPU.Build.0 = Debug|Any CPU
		{29FB2933-2A21-4FB4-991E-C6336EB94589}.Release|Any CPU.ActiveCfg = Release|Any CPU
		{29FB2933-2A21-4FB4-991E-C6336EB94589}.Release|Any CPU.Build.0 = Release|Any CPU
		{F85F0447-7C46-45D7-89DE-9AFE159E8D5F}.Debug|Any CPU.ActiveCfg = Debug|Any CPU
		{F85F0447-7C46-45D7-89DE-9AFE159E8D5F}.Debug|Any CPU.Build.0 = Debug|Any CPU
		{F85F0447-7C46-45D7-89DE-9AFE159E8D5F}.Release|Any CPU.ActiveCfg = Release|Any CPU
		{F85F0447-7C46-45D7-89DE-9AFE159E8D5F}.Release|Any CPU.Build.0 = Release|Any CPU
		{CBA7A25E-9B80-4F73-83E9-00381A35DEA0}.Debug|Any CPU.ActiveCfg = Debug|Any CPU
		{CBA7A25E-9B80-4F73-83E9-00381A35DEA0}.Debug|Any CPU.Build.0 = Debug|Any CPU
		{CBA7A25E-9B80-4F73-83E9-00381A35DEA0}.Release|Any CPU.ActiveCfg = Release|Any CPU
		{CBA7A25E-9B80-4F73-83E9-00381A35DEA0}.Release|Any CPU.Build.0 = Release|Any CPU
		{C7480162-061B-4905-A752-3AC26B69B284}.Debug|Any CPU.ActiveCfg = Debug|Any CPU
		{C7480162-061B-4905-A752-3AC26B69B284}.Debug|Any CPU.Build.0 = Debug|Any CPU
		{C7480162-061B-4905-A752-3AC26B69B284}.Release|Any CPU.ActiveCfg = Release|Any CPU
		{C7480162-061B-4905-A752-3AC26B69B284}.Release|Any CPU.Build.0 = Release|Any CPU
		{70FA8B57-DA38-4953-865A-6215E72A842F}.Debug|Any CPU.ActiveCfg = Debug|Any CPU
		{70FA8B57-DA38-4953-865A-6215E72A842F}.Debug|Any CPU.Build.0 = Debug|Any CPU
		{70FA8B57-DA38-4953-865A-6215E72A842F}.Release|Any CPU.ActiveCfg = Release|Any CPU
		{70FA8B57-DA38-4953-865A-6215E72A842F}.Release|Any CPU.Build.0 = Release|Any CPU
	EndGlobalSection
	GlobalSection(SolutionProperties) = preSolution
		HideSolutionNode = FALSE
	EndGlobalSection
	GlobalSection(NestedProjects) = preSolution
		{29FB2933-2A21-4FB4-991E-C6336EB94589} = {6FDDECC4-A401-4AD2-9539-F5BB6384444D}
		{F85F0447-7C46-45D7-89DE-9AFE159E8D5F} = {6FDDECC4-A401-4AD2-9539-F5BB6384444D}
		{CBA7A25E-9B80-4F73-83E9-00381A35DEA0} = {F7450DAC-4AD4-4803-AEFF-BF6552037261}
		{C7480162-061B-4905-A752-3AC26B69B284} = {93F5F542-FD0E-4EB6-9322-9D515565DB1D}
		{70FA8B57-DA38-4953-865A-6215E72A842F} = {59C73967-3F84-4036-BD1F-E6FED7020DB7}
	EndGlobalSection
	GlobalSection(ExtensibilityGlobals) = postSolution
		SolutionGuid = {DDD9BD7C-E0FD-4FEC-A534-F9C38474ED07}
	EndGlobalSection
EndGlobal
